
Microsoft Visual Studio Solution File, Format Version 12.00
# Visual Studio Version 16
VisualStudioVersion = 16.0.31424.327
MinimumVisualStudioVersion = 10.0.40219.1
Project("{FAE04EC0-301F-11D3-BF4B-00C04F79EFBC}") = "Creational.Factory", "Creational.Factory\Creational.Factory.csproj", "{D201A2F9-3AD1-4910-BBF9-670285955F9E}"
EndProject
Global
	GlobalSection(SolutionConfigurationPlatforms) = preSolution
		Debug|Any CPU = Debug|Any CPU
		Release|Any CPU = Release|Any CPU
	EndGlobalSection
	GlobalSection(ProjectConfigurationPlatforms) = postSolution
		{D201A2F9-3AD1-4910-BBF9-670285955F9E}.Debug|Any CPU.ActiveCfg = Debug|Any CPU
		{D201A2F9-3AD1-4910-BBF9-670285955F9E}.Debug|Any CPU.Build.0 = Debug|Any CPU
		{D201A2F9-3AD1-4910-BBF9-670285955F9E}.Release|Any CPU.ActiveCfg = Release|Any CPU
		{D201A2F9-3AD1-4910-BBF9-670285955F9E}.Release|Any CPU.Build.0 = Release|Any CPU
	EndGlobalSection
	GlobalSection(SolutionProperties) = preSolution
		HideSolutionNode = FALSE
	EndGlobalSection
	GlobalSection(ExtensibilityGlobals) = postSolution
		SolutionGuid = {CF446A40-5750-49C3-933C-9C22325E3B9E}
	EndGlobalSection
EndGlobal
