
Microsoft Visual Studio Solution File, Format Version 12.00
# Visual Studio Version 16
VisualStudioVersion = 16.0.31424.327
MinimumVisualStudioVersion = 10.0.40219.1
Project("{9A19103F-16F7-4668-BE54-9A1E7A4F7556}") = "Creational.Factory", "Creational.Factory\Creational.Factory.csproj", "{3D121653-0393-4945-BD31-FDEABD68349A}"
EndProject
Project("{9A19103F-16F7-4668-BE54-9A1E7A4F7556}") = "Structural.Facade", "Structural.Facade\Structural.Facade.csproj", "{23EE6683-E34D-486D-AA0C-2D34F10FDF6F}"
EndProject
Project("{9A19103F-16F7-4668-BE54-9A1E7A4F7556}") = "Creational.Singleton", "Creational.Singleton\Creational.Singleton.csproj", "{4D8FE2EA-CC87-441F-97A3-2C689126A99F}"
EndProject
Project("{9A19103F-16F7-4668-BE54-9A1E7A4F7556}") = "Creational.Builder", "Creational.Builder\Creational.Builder.csproj", "{DA412D52-C863-4450-9595-3665E895740B}"
EndProject
Project("{9A19103F-16F7-4668-BE54-9A1E7A4F7556}") = "Behavioral.Observer", "Behavioral.Observer\Behavioral.Observer.csproj", "{510A70F6-E329-4774-85FC-7602D9EF91D6}"
EndProject
Project("{FAE04EC0-301F-11D3-BF4B-00C04F79EFBC}") = "Behavioral.Iterator", "Behavioral.Iterator\Behavioral.Iterator.csproj", "{02B5E58A-A40F-4FCE-B3E7-340489BB23D2}"
EndProject
Global
	GlobalSection(SolutionConfigurationPlatforms) = preSolution
		Debug|Any CPU = Debug|Any CPU
		Release|Any CPU = Release|Any CPU
	EndGlobalSection
	GlobalSection(ProjectConfigurationPlatforms) = postSolution
		{3D121653-0393-4945-BD31-FDEABD68349A}.Debug|Any CPU.ActiveCfg = Debug|Any CPU
		{3D121653-0393-4945-BD31-FDEABD68349A}.Debug|Any CPU.Build.0 = Debug|Any CPU
		{3D121653-0393-4945-BD31-FDEABD68349A}.Release|Any CPU.ActiveCfg = Release|Any CPU
		{3D121653-0393-4945-BD31-FDEABD68349A}.Release|Any CPU.Build.0 = Release|Any CPU
		{23EE6683-E34D-486D-AA0C-2D34F10FDF6F}.Debug|Any CPU.ActiveCfg = Debug|Any CPU
		{23EE6683-E34D-486D-AA0C-2D34F10FDF6F}.Debug|Any CPU.Build.0 = Debug|Any CPU
		{23EE6683-E34D-486D-AA0C-2D34F10FDF6F}.Release|Any CPU.ActiveCfg = Release|Any CPU
		{23EE6683-E34D-486D-AA0C-2D34F10FDF6F}.Release|Any CPU.Build.0 = Release|Any CPU
		{4D8FE2EA-CC87-441F-97A3-2C689126A99F}.Debug|Any CPU.ActiveCfg = Debug|Any CPU
		{4D8FE2EA-CC87-441F-97A3-2C689126A99F}.Debug|Any CPU.Build.0 = Debug|Any CPU
		{4D8FE2EA-CC87-441F-97A3-2C689126A99F}.Release|Any CPU.ActiveCfg = Release|Any CPU
		{4D8FE2EA-CC87-441F-97A3-2C689126A99F}.Release|Any CPU.Build.0 = Release|Any CPU
		{DA412D52-C863-4450-9595-3665E895740B}.Debug|Any CPU.ActiveCfg = Debug|Any CPU
		{DA412D52-C863-4450-9595-3665E895740B}.Debug|Any CPU.Build.0 = Debug|Any CPU
		{DA412D52-C863-4450-9595-3665E895740B}.Release|Any CPU.ActiveCfg = Release|Any CPU
		{DA412D52-C863-4450-9595-3665E895740B}.Release|Any CPU.Build.0 = Release|Any CPU
		{510A70F6-E329-4774-85FC-7602D9EF91D6}.Debug|Any CPU.ActiveCfg = Debug|Any CPU
		{510A70F6-E329-4774-85FC-7602D9EF91D6}.Debug|Any CPU.Build.0 = Debug|Any CPU
		{510A70F6-E329-4774-85FC-7602D9EF91D6}.Release|Any CPU.ActiveCfg = Release|Any CPU
		{510A70F6-E329-4774-85FC-7602D9EF91D6}.Release|Any CPU.Build.0 = Release|Any CPU
		{02B5E58A-A40F-4FCE-B3E7-340489BB23D2}.Debug|Any CPU.ActiveCfg = Debug|Any CPU
		{02B5E58A-A40F-4FCE-B3E7-340489BB23D2}.Debug|Any CPU.Build.0 = Debug|Any CPU
		{02B5E58A-A40F-4FCE-B3E7-340489BB23D2}.Release|Any CPU.ActiveCfg = Release|Any CPU
		{02B5E58A-A40F-4FCE-B3E7-340489BB23D2}.Release|Any CPU.Build.0 = Release|Any CPU
	EndGlobalSection
	GlobalSection(SolutionProperties) = preSolution
		HideSolutionNode = FALSE
	EndGlobalSection
	GlobalSection(ExtensibilityGlobals) = postSolution
		SolutionGuid = {CF446A40-5750-49C3-933C-9C22325E3B9E}
	EndGlobalSection
EndGlobal
